
Microsoft Visual Studio Solution File, Format Version 12.00
# Visual Studio Version 17
VisualStudioVersion = 17.7.34024.191
MinimumVisualStudioVersion = 10.0.40219.1
Project("{9A19103F-16F7-4668-BE54-9A1E7A4F7556}") = "PrimiPassi", "MioPrimoProgettoCSharp\PrimiPassi.csproj", "{5060FBD5-BC49-4D67-99F3-4C7D34CB196C}"
EndProject
Project("{9A19103F-16F7-4668-BE54-9A1E7A4F7556}") = "TipizzazioneClonazione", "TipizzazioneClonazione\TipizzazioneClonazione.csproj", "{29D3E62E-0302-4BEF-88B2-0B7D9640EA7F}"
EndProject
Project("{9A19103F-16F7-4668-BE54-9A1E7A4F7556}") = "DichiarazioneVariabili", "DichiarazioneVariabili\DichiarazioneVariabili.csproj", "{FB90097F-CD0B-4BAB-AB88-BCD8C505662B}"
EndProject
Project("{9A19103F-16F7-4668-BE54-9A1E7A4F7556}") = "Funzioni", "Funzioni\Funzioni.csproj", "{D13E0F16-D3FB-46A1-B8BD-A8ADE9C6EE00}"
EndProject
Project("{9A19103F-16F7-4668-BE54-9A1E7A4F7556}") = "Oggetti", "Oggetti\Oggetti.csproj", "{C68EB0DC-9699-4E57-A3F9-1A47C86C1DA7}"
EndProject
Project("{FAE04EC0-301F-11D3-BF4B-00C04F79EFBC}") = "Ereditarietà", "Ereditarietà\Ereditarietà.csproj", "{C648557D-322F-451C-B9E2-F640A90DC380}"
EndProject
Global
	GlobalSection(SolutionConfigurationPlatforms) = preSolution
		Debug|Any CPU = Debug|Any CPU
		Release|Any CPU = Release|Any CPU
	EndGlobalSection
	GlobalSection(ProjectConfigurationPlatforms) = postSolution
		{5060FBD5-BC49-4D67-99F3-4C7D34CB196C}.Debug|Any CPU.ActiveCfg = Debug|Any CPU
		{5060FBD5-BC49-4D67-99F3-4C7D34CB196C}.Debug|Any CPU.Build.0 = Debug|Any CPU
		{5060FBD5-BC49-4D67-99F3-4C7D34CB196C}.Release|Any CPU.ActiveCfg = Release|Any CPU
		{5060FBD5-BC49-4D67-99F3-4C7D34CB196C}.Release|Any CPU.Build.0 = Release|Any CPU
		{29D3E62E-0302-4BEF-88B2-0B7D9640EA7F}.Debug|Any CPU.ActiveCfg = Debug|Any CPU
		{29D3E62E-0302-4BEF-88B2-0B7D9640EA7F}.Debug|Any CPU.Build.0 = Debug|Any CPU
		{29D3E62E-0302-4BEF-88B2-0B7D9640EA7F}.Release|Any CPU.ActiveCfg = Release|Any CPU
		{29D3E62E-0302-4BEF-88B2-0B7D9640EA7F}.Release|Any CPU.Build.0 = Release|Any CPU
		{FB90097F-CD0B-4BAB-AB88-BCD8C505662B}.Debug|Any CPU.ActiveCfg = Debug|Any CPU
		{FB90097F-CD0B-4BAB-AB88-BCD8C505662B}.Debug|Any CPU.Build.0 = Debug|Any CPU
		{FB90097F-CD0B-4BAB-AB88-BCD8C505662B}.Release|Any CPU.ActiveCfg = Release|Any CPU
		{FB90097F-CD0B-4BAB-AB88-BCD8C505662B}.Release|Any CPU.Build.0 = Release|Any CPU
		{D13E0F16-D3FB-46A1-B8BD-A8ADE9C6EE00}.Debug|Any CPU.ActiveCfg = Debug|Any CPU
		{D13E0F16-D3FB-46A1-B8BD-A8ADE9C6EE00}.Debug|Any CPU.Build.0 = Debug|Any CPU
		{D13E0F16-D3FB-46A1-B8BD-A8ADE9C6EE00}.Release|Any CPU.ActiveCfg = Release|Any CPU
		{D13E0F16-D3FB-46A1-B8BD-A8ADE9C6EE00}.Release|Any CPU.Build.0 = Release|Any CPU
		{C68EB0DC-9699-4E57-A3F9-1A47C86C1DA7}.Debug|Any CPU.ActiveCfg = Debug|Any CPU
		{C68EB0DC-9699-4E57-A3F9-1A47C86C1DA7}.Debug|Any CPU.Build.0 = Debug|Any CPU
		{C68EB0DC-9699-4E57-A3F9-1A47C86C1DA7}.Release|Any CPU.ActiveCfg = Release|Any CPU
		{C68EB0DC-9699-4E57-A3F9-1A47C86C1DA7}.Release|Any CPU.Build.0 = Release|Any CPU
		{C648557D-322F-451C-B9E2-F640A90DC380}.Debug|Any CPU.ActiveCfg = Debug|Any CPU
		{C648557D-322F-451C-B9E2-F640A90DC380}.Debug|Any CPU.Build.0 = Debug|Any CPU
		{C648557D-322F-451C-B9E2-F640A90DC380}.Release|Any CPU.ActiveCfg = Release|Any CPU
		{C648557D-322F-451C-B9E2-F640A90DC380}.Release|Any CPU.Build.0 = Release|Any CPU
	EndGlobalSection
	GlobalSection(SolutionProperties) = preSolution
		HideSolutionNode = FALSE
	EndGlobalSection
	GlobalSection(ExtensibilityGlobals) = postSolution
		SolutionGuid = {9B70C3B4-2125-4ECB-BC43-D05430736078}
	EndGlobalSection
EndGlobal
